
Microsoft Visual Studio Solution File, Format Version 12.00
# Visual Studio Version 17
VisualStudioVersion = 17.11.35303.130
MinimumVisualStudioVersion = 10.0.40219.1
Project("{FAE04EC0-301F-11D3-BF4B-00C04F79EFBC}") = "Presentation", "Presentation\Presentation.csproj", "{F402EB7C-F943-4162-8162-D78565FCD1AE}"
EndProject
Project("{FAE04EC0-301F-11D3-BF4B-00C04F79EFBC}") = "DataAccess", "DataAccess\DataAccess.csproj", "{CD75B31D-A8D9-47CE-A826-79684F0CBCB2}"
EndProject
Project("{FAE04EC0-301F-11D3-BF4B-00C04F79EFBC}") = "Business", "Business\Business.csproj", "{BADE3DA5-06D3-4B07-A229-141D67C52196}"
EndProject
Global
	GlobalSection(SolutionConfigurationPlatforms) = preSolution
		Debug|Any CPU = Debug|Any CPU
		Release|Any CPU = Release|Any CPU
	EndGlobalSection
	GlobalSection(ProjectConfigurationPlatforms) = postSolution
		{F402EB7C-F943-4162-8162-D78565FCD1AE}.Debug|Any CPU.ActiveCfg = Debug|Any CPU
		{F402EB7C-F943-4162-8162-D78565FCD1AE}.Debug|Any CPU.Build.0 = Debug|Any CPU
		{F402EB7C-F943-4162-8162-D78565FCD1AE}.Release|Any CPU.ActiveCfg = Release|Any CPU
		{F402EB7C-F943-4162-8162-D78565FCD1AE}.Release|Any CPU.Build.0 = Release|Any CPU
		{CD75B31D-A8D9-47CE-A826-79684F0CBCB2}.Debug|Any CPU.ActiveCfg = Debug|Any CPU
		{CD75B31D-A8D9-47CE-A826-79684F0CBCB2}.Debug|Any CPU.Build.0 = Debug|Any CPU
		{CD75B31D-A8D9-47CE-A826-79684F0CBCB2}.Release|Any CPU.ActiveCfg = Release|Any CPU
		{CD75B31D-A8D9-47CE-A826-79684F0CBCB2}.Release|Any CPU.Build.0 = Release|Any CPU
		{BADE3DA5-06D3-4B07-A229-141D67C52196}.Debug|Any CPU.ActiveCfg = Debug|Any CPU
		{BADE3DA5-06D3-4B07-A229-141D67C52196}.Debug|Any CPU.Build.0 = Debug|Any CPU
		{BADE3DA5-06D3-4B07-A229-141D67C52196}.Release|Any CPU.ActiveCfg = Release|Any CPU
		{BADE3DA5-06D3-4B07-A229-141D67C52196}.Release|Any CPU.Build.0 = Release|Any CPU
	EndGlobalSection
	GlobalSection(SolutionProperties) = preSolution
		HideSolutionNode = FALSE
	EndGlobalSection
	GlobalSection(ExtensibilityGlobals) = postSolution
		SolutionGuid = {A9D08072-43DB-4A3F-A280-046DB1222565}
	EndGlobalSection
EndGlobal
